
Microsoft Visual Studio Solution File, Format Version 12.00
# Visual Studio Version 17
VisualStudioVersion = 17.8.34525.116
MinimumVisualStudioVersion = 10.0.40219.1
Project("{FAE04EC0-301F-11D3-BF4B-00C04F79EFBC}") = "School Managment Sytem", "School Managment Sytem\School Managment Sytem.csproj", "{2A48B8F2-AE82-4699-B3D5-BBF902FC682E}"
EndProject
Global
	GlobalSection(SolutionConfigurationPlatforms) = preSolution
		Debug|Any CPU = Debug|Any CPU
		Release|Any CPU = Release|Any CPU
	EndGlobalSection
	GlobalSection(ProjectConfigurationPlatforms) = postSolution
		{2A48B8F2-AE82-4699-B3D5-BBF902FC682E}.Debug|Any CPU.ActiveCfg = Debug|Any CPU
		{2A48B8F2-AE82-4699-B3D5-BBF902FC682E}.Debug|Any CPU.Build.0 = Debug|Any CPU
		{2A48B8F2-AE82-4699-B3D5-BBF902FC682E}.Release|Any CPU.ActiveCfg = Release|Any CPU
		{2A48B8F2-AE82-4699-B3D5-BBF902FC682E}.Release|Any CPU.Build.0 = Release|Any CPU
	EndGlobalSection
	GlobalSection(SolutionProperties) = preSolution
		HideSolutionNode = FALSE
	EndGlobalSection
	GlobalSection(ExtensibilityGlobals) = postSolution
		SolutionGuid = {830BCD10-73D4-43CF-9FC3-202968C42D24}
	EndGlobalSection
EndGlobal
